
Microsoft Visual Studio Solution File, Format Version 12.00
# Visual Studio 14
VisualStudioVersion = 14.0.24720.0
MinimumVisualStudioVersion = 10.0.40219.1
Project("{FAE04EC0-301F-11D3-BF4B-00C04F79EFBC}") = "Common", "Common\Common.csproj", "{132CE7B2-A22C-430E-947C-DB629960AE7A}"
EndProject
Project("{2150E333-8FDC-42A3-9474-1A3956D46DE8}") = "Services", "Services", "{F7054E2C-5940-4025-AAAB-528AE30DFD49}"
EndProject
Project("{FAE04EC0-301F-11D3-BF4B-00C04F79EFBC}") = "Base", "Services\Base\Base.csproj", "{EA22FED7-EE21-4A2A-9149-124B1A62D9C2}"
EndProject
Project("{FAE04EC0-301F-11D3-BF4B-00C04F79EFBC}") = "Report", "Services\Report\Report.csproj", "{8CE71ACE-F743-49D8-AE55-FB9C4EE4481E}"
EndProject
Project("{2150E333-8FDC-42A3-9474-1A3956D46DE8}") = "Business", "Business", "{FFC9F348-4ADE-40ED-BEB3-89037068B080}"
EndProject
Project("{FAE04EC0-301F-11D3-BF4B-00C04F79EFBC}") = "CRM", "Services\Business\CRM\CRM.csproj", "{15B3E0D2-6217-493A-A690-158C497F5318}"
EndProject
<<<<<<< HEAD
Project("{FAE04EC0-301F-11D3-BF4B-00C04F79EFBC}") = "InsightServer", "Server\InsightServer\InsightServer.csproj", "{02699996-8EC6-46C8-BF31-5F6DF880EE1B}"
=======
Project("{FAE04EC0-301F-11D3-BF4B-00C04F79EFBC}") = "MasterDatas", "Services\MasterDatas\MasterDatas.csproj", "{9F56021F-8E26-44D4-AFF6-AE1ED2B1C8F5}"
EndProject
Project("{FAE04EC0-301F-11D3-BF4B-00C04F79EFBC}") = "Commons", "Services\Commons\Commons.csproj", "{27B49E9B-78F4-4F6C-84D8-8E1E490E2421}"
EndProject
Project("{FAE04EC0-301F-11D3-BF4B-00C04F79EFBC}") = "SCM", "Services\Business\SCM\SCM.csproj", "{B8C3BB1A-EDAE-4A53-861B-DB9184BA9E2C}"
EndProject
Project("{FAE04EC0-301F-11D3-BF4B-00C04F79EFBC}") = "Settlement", "Services\Business\Settlement\Settlement.csproj", "{112A19DE-331A-4E46-B8E0-922BF6E7E2CC}"
>>>>>>> test
EndProject
Project("{FAE04EC0-301F-11D3-BF4B-00C04F79EFBC}") = "Login", "Services\Login\Login.csproj", "{9667861F-4959-443B-A3B4-9627DDF7C715}"
EndProject
Project("{FAE04EC0-301F-11D3-BF4B-00C04F79EFBC}") = "InsightServer", "InsightServer\InsightServer.csproj", "{02699996-8EC6-46C8-BF31-5F6DF880EE1B}"
EndProject
Global
	GlobalSection(SolutionConfigurationPlatforms) = preSolution
		Debug|Any CPU = Debug|Any CPU
		Release|Any CPU = Release|Any CPU
	EndGlobalSection
	GlobalSection(ProjectConfigurationPlatforms) = postSolution
		{132CE7B2-A22C-430E-947C-DB629960AE7A}.Debug|Any CPU.ActiveCfg = Debug|Any CPU
		{132CE7B2-A22C-430E-947C-DB629960AE7A}.Debug|Any CPU.Build.0 = Debug|Any CPU
		{132CE7B2-A22C-430E-947C-DB629960AE7A}.Release|Any CPU.ActiveCfg = Release|Any CPU
		{132CE7B2-A22C-430E-947C-DB629960AE7A}.Release|Any CPU.Build.0 = Release|Any CPU
		{EA22FED7-EE21-4A2A-9149-124B1A62D9C2}.Debug|Any CPU.ActiveCfg = Debug|Any CPU
		{EA22FED7-EE21-4A2A-9149-124B1A62D9C2}.Debug|Any CPU.Build.0 = Debug|Any CPU
		{EA22FED7-EE21-4A2A-9149-124B1A62D9C2}.Release|Any CPU.ActiveCfg = Release|Any CPU
		{EA22FED7-EE21-4A2A-9149-124B1A62D9C2}.Release|Any CPU.Build.0 = Release|Any CPU
		{8CE71ACE-F743-49D8-AE55-FB9C4EE4481E}.Debug|Any CPU.ActiveCfg = Debug|Any CPU
		{8CE71ACE-F743-49D8-AE55-FB9C4EE4481E}.Debug|Any CPU.Build.0 = Debug|Any CPU
		{8CE71ACE-F743-49D8-AE55-FB9C4EE4481E}.Release|Any CPU.ActiveCfg = Release|Any CPU
		{8CE71ACE-F743-49D8-AE55-FB9C4EE4481E}.Release|Any CPU.Build.0 = Release|Any CPU
		{15B3E0D2-6217-493A-A690-158C497F5318}.Debug|Any CPU.ActiveCfg = Debug|Any CPU
		{15B3E0D2-6217-493A-A690-158C497F5318}.Debug|Any CPU.Build.0 = Debug|Any CPU
		{15B3E0D2-6217-493A-A690-158C497F5318}.Release|Any CPU.ActiveCfg = Release|Any CPU
		{15B3E0D2-6217-493A-A690-158C497F5318}.Release|Any CPU.Build.0 = Release|Any CPU
		{9F56021F-8E26-44D4-AFF6-AE1ED2B1C8F5}.Debug|Any CPU.ActiveCfg = Debug|Any CPU
		{9F56021F-8E26-44D4-AFF6-AE1ED2B1C8F5}.Debug|Any CPU.Build.0 = Debug|Any CPU
		{9F56021F-8E26-44D4-AFF6-AE1ED2B1C8F5}.Release|Any CPU.ActiveCfg = Release|Any CPU
		{9F56021F-8E26-44D4-AFF6-AE1ED2B1C8F5}.Release|Any CPU.Build.0 = Release|Any CPU
		{27B49E9B-78F4-4F6C-84D8-8E1E490E2421}.Debug|Any CPU.ActiveCfg = Debug|Any CPU
		{27B49E9B-78F4-4F6C-84D8-8E1E490E2421}.Debug|Any CPU.Build.0 = Debug|Any CPU
		{27B49E9B-78F4-4F6C-84D8-8E1E490E2421}.Release|Any CPU.ActiveCfg = Release|Any CPU
		{27B49E9B-78F4-4F6C-84D8-8E1E490E2421}.Release|Any CPU.Build.0 = Release|Any CPU
		{B8C3BB1A-EDAE-4A53-861B-DB9184BA9E2C}.Debug|Any CPU.ActiveCfg = Debug|Any CPU
		{B8C3BB1A-EDAE-4A53-861B-DB9184BA9E2C}.Debug|Any CPU.Build.0 = Debug|Any CPU
		{B8C3BB1A-EDAE-4A53-861B-DB9184BA9E2C}.Release|Any CPU.ActiveCfg = Release|Any CPU
		{B8C3BB1A-EDAE-4A53-861B-DB9184BA9E2C}.Release|Any CPU.Build.0 = Release|Any CPU
		{112A19DE-331A-4E46-B8E0-922BF6E7E2CC}.Debug|Any CPU.ActiveCfg = Debug|Any CPU
		{112A19DE-331A-4E46-B8E0-922BF6E7E2CC}.Debug|Any CPU.Build.0 = Debug|Any CPU
		{112A19DE-331A-4E46-B8E0-922BF6E7E2CC}.Release|Any CPU.ActiveCfg = Release|Any CPU
		{112A19DE-331A-4E46-B8E0-922BF6E7E2CC}.Release|Any CPU.Build.0 = Release|Any CPU
		{9667861F-4959-443B-A3B4-9627DDF7C715}.Debug|Any CPU.ActiveCfg = Debug|Any CPU
		{9667861F-4959-443B-A3B4-9627DDF7C715}.Debug|Any CPU.Build.0 = Debug|Any CPU
		{9667861F-4959-443B-A3B4-9627DDF7C715}.Release|Any CPU.ActiveCfg = Release|Any CPU
		{9667861F-4959-443B-A3B4-9627DDF7C715}.Release|Any CPU.Build.0 = Release|Any CPU
		{02699996-8EC6-46C8-BF31-5F6DF880EE1B}.Debug|Any CPU.ActiveCfg = Debug|Any CPU
		{02699996-8EC6-46C8-BF31-5F6DF880EE1B}.Debug|Any CPU.Build.0 = Debug|Any CPU
		{02699996-8EC6-46C8-BF31-5F6DF880EE1B}.Release|Any CPU.ActiveCfg = Release|Any CPU
		{02699996-8EC6-46C8-BF31-5F6DF880EE1B}.Release|Any CPU.Build.0 = Release|Any CPU
	EndGlobalSection
	GlobalSection(SolutionProperties) = preSolution
		HideSolutionNode = FALSE
	EndGlobalSection
	GlobalSection(NestedProjects) = preSolution
		{EA22FED7-EE21-4A2A-9149-124B1A62D9C2} = {F7054E2C-5940-4025-AAAB-528AE30DFD49}
		{8CE71ACE-F743-49D8-AE55-FB9C4EE4481E} = {F7054E2C-5940-4025-AAAB-528AE30DFD49}
		{FFC9F348-4ADE-40ED-BEB3-89037068B080} = {F7054E2C-5940-4025-AAAB-528AE30DFD49}
		{15B3E0D2-6217-493A-A690-158C497F5318} = {FFC9F348-4ADE-40ED-BEB3-89037068B080}
		{9F56021F-8E26-44D4-AFF6-AE1ED2B1C8F5} = {F7054E2C-5940-4025-AAAB-528AE30DFD49}
		{27B49E9B-78F4-4F6C-84D8-8E1E490E2421} = {F7054E2C-5940-4025-AAAB-528AE30DFD49}
		{B8C3BB1A-EDAE-4A53-861B-DB9184BA9E2C} = {FFC9F348-4ADE-40ED-BEB3-89037068B080}
		{112A19DE-331A-4E46-B8E0-922BF6E7E2CC} = {FFC9F348-4ADE-40ED-BEB3-89037068B080}
		{9667861F-4959-443B-A3B4-9627DDF7C715} = {F7054E2C-5940-4025-AAAB-528AE30DFD49}
<<<<<<< HEAD
		{02699996-8EC6-46C8-BF31-5F6DF880EE1B} = {1AB78F6A-113C-4F48-ABB9-5CD5A723C65D}
		{03655FCA-D8C2-4984-A165-23534E3AE429} = {F7054E2C-5940-4025-AAAB-528AE30DFD49}
		{D74D3938-953F-4A68-BDD1-B9500734256C} = {03655FCA-D8C2-4984-A165-23534E3AE429}
=======
>>>>>>> test
	EndGlobalSection
EndGlobal
