
Microsoft Visual Studio Solution File, Format Version 12.00
# Visual Studio 2013
VisualStudioVersion = 12.0.31101.0
MinimumVisualStudioVersion = 10.0.40219.1
Project("{2150E333-8FDC-42A3-9474-1A3956D46DE8}") = "Business", "Business", "{DB801584-D27C-42B4-AF70-811E3DC67A6B}"
EndProject
Project("{2150E333-8FDC-42A3-9474-1A3956D46DE8}") = "Client", "Client", "{5DC1798F-FA8D-4A2F-92A6-97FBA81C1186}"
EndProject
Project("{2150E333-8FDC-42A3-9474-1A3956D46DE8}") = "Server", "Server", "{1AB78F6A-113C-4F48-ABB9-5CD5A723C65D}"
EndProject
Project("{FAE04EC0-301F-11D3-BF4B-00C04F79EFBC}") = "Common", "Client\Common\Common.csproj", "{7C8AC27E-E640-4403-AF4D-5B62C6C55826}"
EndProject
Project("{FAE04EC0-301F-11D3-BF4B-00C04F79EFBC}") = "MainApp", "Client\MainApp\MainApp.csproj", "{9D6B9CBE-E9D4-44EC-9E81-671FF26F4E8C}"
EndProject
Project("{FAE04EC0-301F-11D3-BF4B-00C04F79EFBC}") = "Common", "Server\Common\Common.csproj", "{132CE7B2-A22C-430E-947C-DB629960AE7A}"
EndProject
Project("{FAE04EC0-301F-11D3-BF4B-00C04F79EFBC}") = "ServicesHost", "Server\ServicesHost\ServicesHost.csproj", "{02699996-8EC6-46C8-BF31-5F6DF880EE1B}"
EndProject
Project("{2150E333-8FDC-42A3-9474-1A3956D46DE8}") = "Services", "Services", "{F7054E2C-5940-4025-AAAB-528AE30DFD49}"
EndProject
Project("{FAE04EC0-301F-11D3-BF4B-00C04F79EFBC}") = "Base", "Client\Base\Base.csproj", "{7654C71F-3E13-49DA-A9B9-85EE3E40D589}"
EndProject
Project("{FAE04EC0-301F-11D3-BF4B-00C04F79EFBC}") = "Base", "Server\Services\Base\Base.csproj", "{EA22FED7-EE21-4A2A-9149-124B1A62D9C2}"
EndProject
Project("{FAE04EC0-301F-11D3-BF4B-00C04F79EFBC}") = "Report", "Server\Services\Report\Report.csproj", "{8CE71ACE-F743-49D8-AE55-FB9C4EE4481E}"
EndProject
Project("{2150E333-8FDC-42A3-9474-1A3956D46DE8}") = "Business", "Business", "{FFC9F348-4ADE-40ED-BEB3-89037068B080}"
EndProject
Project("{FAE04EC0-301F-11D3-BF4B-00C04F79EFBC}") = "Report", "Client\Report\Report.csproj", "{A30C7ADF-33CD-4208-AFE6-ACB1B62594D4}"
EndProject
Project("{FAE04EC0-301F-11D3-BF4B-00C04F79EFBC}") = "CRM", "Client\Business\CRM\CRM.csproj", "{B169A2EB-1C29-464E-8249-19AC5E8050E5}"
EndProject
Project("{FAE04EC0-301F-11D3-BF4B-00C04F79EFBC}") = "CRM", "Server\Services\Business\CRM\CRM.csproj", "{15B3E0D2-6217-493A-A690-158C497F5318}"
EndProject
Project("{FAE04EC0-301F-11D3-BF4B-00C04F79EFBC}") = "MasterDatas", "Server\Services\MasterDatas\MasterDatas.csproj", "{9F56021F-8E26-44D4-AFF6-AE1ED2B1C8F5}"
EndProject
Project("{FAE04EC0-301F-11D3-BF4B-00C04F79EFBC}") = "Commons", "Server\Services\Commons\Commons.csproj", "{27B49E9B-78F4-4F6C-84D8-8E1E490E2421}"
EndProject
Project("{FAE04EC0-301F-11D3-BF4B-00C04F79EFBC}") = "MasterDatas", "Client\MasterDatas\MasterDatas.csproj", "{3652796B-0022-4898-A8F2-107530BBF6A9}"
EndProject
Project("{FAE04EC0-301F-11D3-BF4B-00C04F79EFBC}") = "SCM", "Client\Business\SCM\SCM.csproj", "{4E5BE69B-04FF-42DF-BD3B-632F35CE37AB}"
EndProject
Project("{FAE04EC0-301F-11D3-BF4B-00C04F79EFBC}") = "SCM", "Server\Services\Business\SCM\SCM.csproj", "{B8C3BB1A-EDAE-4A53-861B-DB9184BA9E2C}"
EndProject
Project("{FAE04EC0-301F-11D3-BF4B-00C04F79EFBC}") = "Settlement", "Client\Business\Settlement\Settlement.csproj", "{9277438F-95A9-4AA4-BD67-39DD408AA1E8}"
EndProject
Project("{FAE04EC0-301F-11D3-BF4B-00C04F79EFBC}") = "Settlement", "Server\Services\Business\Settlement\Settlement.csproj", "{112A19DE-331A-4E46-B8E0-922BF6E7E2CC}"
EndProject
Project("{FAE04EC0-301F-11D3-BF4B-00C04F79EFBC}") = "Login", "Server\Services\Update\Login.csproj", "{9667861F-4959-443B-A3B4-9627DDF7C715}"
EndProject
Project("{FAE04EC0-301F-11D3-BF4B-00C04F79EFBC}") = "Storage", "Client\Business\Storage\Storage.csproj", "{A7FD7C55-F13A-41BA-963B-142208B964EC}"
EndProject
Project("{FAE04EC0-301F-11D3-BF4B-00C04F79EFBC}") = "Storage", "Server\Services\Business\Storage\Storage.csproj", "{9E609F5F-452E-41BC-8EF9-4871B403C12E}"
EndProject
Global
	GlobalSection(SolutionConfigurationPlatforms) = preSolution
		Debug|Any CPU = Debug|Any CPU
		Release|Any CPU = Release|Any CPU
	EndGlobalSection
	GlobalSection(ProjectConfigurationPlatforms) = postSolution
		{7C8AC27E-E640-4403-AF4D-5B62C6C55826}.Debug|Any CPU.ActiveCfg = Debug|Any CPU
		{7C8AC27E-E640-4403-AF4D-5B62C6C55826}.Debug|Any CPU.Build.0 = Debug|Any CPU
		{7C8AC27E-E640-4403-AF4D-5B62C6C55826}.Release|Any CPU.ActiveCfg = Release|Any CPU
		{7C8AC27E-E640-4403-AF4D-5B62C6C55826}.Release|Any CPU.Build.0 = Release|Any CPU
		{9D6B9CBE-E9D4-44EC-9E81-671FF26F4E8C}.Debug|Any CPU.ActiveCfg = Debug|Any CPU
		{9D6B9CBE-E9D4-44EC-9E81-671FF26F4E8C}.Debug|Any CPU.Build.0 = Debug|Any CPU
		{9D6B9CBE-E9D4-44EC-9E81-671FF26F4E8C}.Release|Any CPU.ActiveCfg = Release|Any CPU
		{9D6B9CBE-E9D4-44EC-9E81-671FF26F4E8C}.Release|Any CPU.Build.0 = Release|Any CPU
		{132CE7B2-A22C-430E-947C-DB629960AE7A}.Debug|Any CPU.ActiveCfg = Debug|Any CPU
		{132CE7B2-A22C-430E-947C-DB629960AE7A}.Debug|Any CPU.Build.0 = Debug|Any CPU
		{132CE7B2-A22C-430E-947C-DB629960AE7A}.Release|Any CPU.ActiveCfg = Release|Any CPU
		{132CE7B2-A22C-430E-947C-DB629960AE7A}.Release|Any CPU.Build.0 = Release|Any CPU
		{02699996-8EC6-46C8-BF31-5F6DF880EE1B}.Debug|Any CPU.ActiveCfg = Debug|Any CPU
		{02699996-8EC6-46C8-BF31-5F6DF880EE1B}.Debug|Any CPU.Build.0 = Debug|Any CPU
		{02699996-8EC6-46C8-BF31-5F6DF880EE1B}.Release|Any CPU.ActiveCfg = Release|Any CPU
		{02699996-8EC6-46C8-BF31-5F6DF880EE1B}.Release|Any CPU.Build.0 = Release|Any CPU
		{7654C71F-3E13-49DA-A9B9-85EE3E40D589}.Debug|Any CPU.ActiveCfg = Debug|Any CPU
		{7654C71F-3E13-49DA-A9B9-85EE3E40D589}.Debug|Any CPU.Build.0 = Debug|Any CPU
		{7654C71F-3E13-49DA-A9B9-85EE3E40D589}.Release|Any CPU.ActiveCfg = Release|Any CPU
		{7654C71F-3E13-49DA-A9B9-85EE3E40D589}.Release|Any CPU.Build.0 = Release|Any CPU
		{EA22FED7-EE21-4A2A-9149-124B1A62D9C2}.Debug|Any CPU.ActiveCfg = Debug|Any CPU
		{EA22FED7-EE21-4A2A-9149-124B1A62D9C2}.Debug|Any CPU.Build.0 = Debug|Any CPU
		{EA22FED7-EE21-4A2A-9149-124B1A62D9C2}.Release|Any CPU.ActiveCfg = Release|Any CPU
		{EA22FED7-EE21-4A2A-9149-124B1A62D9C2}.Release|Any CPU.Build.0 = Release|Any CPU
		{8CE71ACE-F743-49D8-AE55-FB9C4EE4481E}.Debug|Any CPU.ActiveCfg = Debug|Any CPU
		{8CE71ACE-F743-49D8-AE55-FB9C4EE4481E}.Debug|Any CPU.Build.0 = Debug|Any CPU
		{8CE71ACE-F743-49D8-AE55-FB9C4EE4481E}.Release|Any CPU.ActiveCfg = Release|Any CPU
		{8CE71ACE-F743-49D8-AE55-FB9C4EE4481E}.Release|Any CPU.Build.0 = Release|Any CPU
		{A30C7ADF-33CD-4208-AFE6-ACB1B62594D4}.Debug|Any CPU.ActiveCfg = Debug|Any CPU
		{A30C7ADF-33CD-4208-AFE6-ACB1B62594D4}.Debug|Any CPU.Build.0 = Debug|Any CPU
		{A30C7ADF-33CD-4208-AFE6-ACB1B62594D4}.Release|Any CPU.ActiveCfg = Release|Any CPU
		{A30C7ADF-33CD-4208-AFE6-ACB1B62594D4}.Release|Any CPU.Build.0 = Release|Any CPU
		{B169A2EB-1C29-464E-8249-19AC5E8050E5}.Debug|Any CPU.ActiveCfg = Debug|Any CPU
		{B169A2EB-1C29-464E-8249-19AC5E8050E5}.Debug|Any CPU.Build.0 = Debug|Any CPU
		{B169A2EB-1C29-464E-8249-19AC5E8050E5}.Release|Any CPU.ActiveCfg = Release|Any CPU
		{B169A2EB-1C29-464E-8249-19AC5E8050E5}.Release|Any CPU.Build.0 = Release|Any CPU
		{15B3E0D2-6217-493A-A690-158C497F5318}.Debug|Any CPU.ActiveCfg = Debug|Any CPU
		{15B3E0D2-6217-493A-A690-158C497F5318}.Debug|Any CPU.Build.0 = Debug|Any CPU
		{15B3E0D2-6217-493A-A690-158C497F5318}.Release|Any CPU.ActiveCfg = Release|Any CPU
		{15B3E0D2-6217-493A-A690-158C497F5318}.Release|Any CPU.Build.0 = Release|Any CPU
		{9F56021F-8E26-44D4-AFF6-AE1ED2B1C8F5}.Debug|Any CPU.ActiveCfg = Debug|Any CPU
		{9F56021F-8E26-44D4-AFF6-AE1ED2B1C8F5}.Debug|Any CPU.Build.0 = Debug|Any CPU
		{9F56021F-8E26-44D4-AFF6-AE1ED2B1C8F5}.Release|Any CPU.ActiveCfg = Release|Any CPU
		{9F56021F-8E26-44D4-AFF6-AE1ED2B1C8F5}.Release|Any CPU.Build.0 = Release|Any CPU
		{27B49E9B-78F4-4F6C-84D8-8E1E490E2421}.Debug|Any CPU.ActiveCfg = Debug|Any CPU
		{27B49E9B-78F4-4F6C-84D8-8E1E490E2421}.Debug|Any CPU.Build.0 = Debug|Any CPU
		{27B49E9B-78F4-4F6C-84D8-8E1E490E2421}.Release|Any CPU.ActiveCfg = Release|Any CPU
		{27B49E9B-78F4-4F6C-84D8-8E1E490E2421}.Release|Any CPU.Build.0 = Release|Any CPU
		{3652796B-0022-4898-A8F2-107530BBF6A9}.Debug|Any CPU.ActiveCfg = Debug|Any CPU
		{3652796B-0022-4898-A8F2-107530BBF6A9}.Debug|Any CPU.Build.0 = Debug|Any CPU
		{3652796B-0022-4898-A8F2-107530BBF6A9}.Release|Any CPU.ActiveCfg = Release|Any CPU
		{3652796B-0022-4898-A8F2-107530BBF6A9}.Release|Any CPU.Build.0 = Release|Any CPU
		{4E5BE69B-04FF-42DF-BD3B-632F35CE37AB}.Debug|Any CPU.ActiveCfg = Debug|Any CPU
		{4E5BE69B-04FF-42DF-BD3B-632F35CE37AB}.Debug|Any CPU.Build.0 = Debug|Any CPU
		{4E5BE69B-04FF-42DF-BD3B-632F35CE37AB}.Release|Any CPU.ActiveCfg = Release|Any CPU
		{4E5BE69B-04FF-42DF-BD3B-632F35CE37AB}.Release|Any CPU.Build.0 = Release|Any CPU
		{B8C3BB1A-EDAE-4A53-861B-DB9184BA9E2C}.Debug|Any CPU.ActiveCfg = Debug|Any CPU
		{B8C3BB1A-EDAE-4A53-861B-DB9184BA9E2C}.Debug|Any CPU.Build.0 = Debug|Any CPU
		{B8C3BB1A-EDAE-4A53-861B-DB9184BA9E2C}.Release|Any CPU.ActiveCfg = Release|Any CPU
		{B8C3BB1A-EDAE-4A53-861B-DB9184BA9E2C}.Release|Any CPU.Build.0 = Release|Any CPU
		{9277438F-95A9-4AA4-BD67-39DD408AA1E8}.Debug|Any CPU.ActiveCfg = Debug|Any CPU
		{9277438F-95A9-4AA4-BD67-39DD408AA1E8}.Debug|Any CPU.Build.0 = Debug|Any CPU
		{9277438F-95A9-4AA4-BD67-39DD408AA1E8}.Release|Any CPU.ActiveCfg = Release|Any CPU
		{9277438F-95A9-4AA4-BD67-39DD408AA1E8}.Release|Any CPU.Build.0 = Release|Any CPU
		{112A19DE-331A-4E46-B8E0-922BF6E7E2CC}.Debug|Any CPU.ActiveCfg = Debug|Any CPU
		{112A19DE-331A-4E46-B8E0-922BF6E7E2CC}.Debug|Any CPU.Build.0 = Debug|Any CPU
		{112A19DE-331A-4E46-B8E0-922BF6E7E2CC}.Release|Any CPU.ActiveCfg = Release|Any CPU
		{112A19DE-331A-4E46-B8E0-922BF6E7E2CC}.Release|Any CPU.Build.0 = Release|Any CPU
		{9667861F-4959-443B-A3B4-9627DDF7C715}.Debug|Any CPU.ActiveCfg = Debug|Any CPU
		{9667861F-4959-443B-A3B4-9627DDF7C715}.Debug|Any CPU.Build.0 = Debug|Any CPU
		{9667861F-4959-443B-A3B4-9627DDF7C715}.Release|Any CPU.ActiveCfg = Release|Any CPU
		{9667861F-4959-443B-A3B4-9627DDF7C715}.Release|Any CPU.Build.0 = Release|Any CPU
		{A7FD7C55-F13A-41BA-963B-142208B964EC}.Debug|Any CPU.ActiveCfg = Debug|Any CPU
		{A7FD7C55-F13A-41BA-963B-142208B964EC}.Debug|Any CPU.Build.0 = Debug|Any CPU
		{A7FD7C55-F13A-41BA-963B-142208B964EC}.Release|Any CPU.ActiveCfg = Release|Any CPU
		{A7FD7C55-F13A-41BA-963B-142208B964EC}.Release|Any CPU.Build.0 = Release|Any CPU
		{9E609F5F-452E-41BC-8EF9-4871B403C12E}.Debug|Any CPU.ActiveCfg = Debug|Any CPU
		{9E609F5F-452E-41BC-8EF9-4871B403C12E}.Debug|Any CPU.Build.0 = Debug|Any CPU
		{9E609F5F-452E-41BC-8EF9-4871B403C12E}.Release|Any CPU.ActiveCfg = Release|Any CPU
		{9E609F5F-452E-41BC-8EF9-4871B403C12E}.Release|Any CPU.Build.0 = Release|Any CPU
	EndGlobalSection
	GlobalSection(SolutionProperties) = preSolution
		HideSolutionNode = FALSE
	EndGlobalSection
	GlobalSection(NestedProjects) = preSolution
		{DB801584-D27C-42B4-AF70-811E3DC67A6B} = {5DC1798F-FA8D-4A2F-92A6-97FBA81C1186}
		{7C8AC27E-E640-4403-AF4D-5B62C6C55826} = {5DC1798F-FA8D-4A2F-92A6-97FBA81C1186}
		{9D6B9CBE-E9D4-44EC-9E81-671FF26F4E8C} = {5DC1798F-FA8D-4A2F-92A6-97FBA81C1186}
		{132CE7B2-A22C-430E-947C-DB629960AE7A} = {1AB78F6A-113C-4F48-ABB9-5CD5A723C65D}
		{02699996-8EC6-46C8-BF31-5F6DF880EE1B} = {1AB78F6A-113C-4F48-ABB9-5CD5A723C65D}
		{F7054E2C-5940-4025-AAAB-528AE30DFD49} = {1AB78F6A-113C-4F48-ABB9-5CD5A723C65D}
		{7654C71F-3E13-49DA-A9B9-85EE3E40D589} = {5DC1798F-FA8D-4A2F-92A6-97FBA81C1186}
		{EA22FED7-EE21-4A2A-9149-124B1A62D9C2} = {F7054E2C-5940-4025-AAAB-528AE30DFD49}
		{8CE71ACE-F743-49D8-AE55-FB9C4EE4481E} = {F7054E2C-5940-4025-AAAB-528AE30DFD49}
		{FFC9F348-4ADE-40ED-BEB3-89037068B080} = {F7054E2C-5940-4025-AAAB-528AE30DFD49}
		{A30C7ADF-33CD-4208-AFE6-ACB1B62594D4} = {5DC1798F-FA8D-4A2F-92A6-97FBA81C1186}
		{B169A2EB-1C29-464E-8249-19AC5E8050E5} = {DB801584-D27C-42B4-AF70-811E3DC67A6B}
		{15B3E0D2-6217-493A-A690-158C497F5318} = {FFC9F348-4ADE-40ED-BEB3-89037068B080}
		{9F56021F-8E26-44D4-AFF6-AE1ED2B1C8F5} = {F7054E2C-5940-4025-AAAB-528AE30DFD49}
		{27B49E9B-78F4-4F6C-84D8-8E1E490E2421} = {F7054E2C-5940-4025-AAAB-528AE30DFD49}
		{3652796B-0022-4898-A8F2-107530BBF6A9} = {5DC1798F-FA8D-4A2F-92A6-97FBA81C1186}
		{4E5BE69B-04FF-42DF-BD3B-632F35CE37AB} = {DB801584-D27C-42B4-AF70-811E3DC67A6B}
		{B8C3BB1A-EDAE-4A53-861B-DB9184BA9E2C} = {FFC9F348-4ADE-40ED-BEB3-89037068B080}
		{9277438F-95A9-4AA4-BD67-39DD408AA1E8} = {DB801584-D27C-42B4-AF70-811E3DC67A6B}
		{112A19DE-331A-4E46-B8E0-922BF6E7E2CC} = {FFC9F348-4ADE-40ED-BEB3-89037068B080}
		{9667861F-4959-443B-A3B4-9627DDF7C715} = {F7054E2C-5940-4025-AAAB-528AE30DFD49}
		{A7FD7C55-F13A-41BA-963B-142208B964EC} = {DB801584-D27C-42B4-AF70-811E3DC67A6B}
		{9E609F5F-452E-41BC-8EF9-4871B403C12E} = {FFC9F348-4ADE-40ED-BEB3-89037068B080}
	EndGlobalSection
EndGlobal
